// !$*UTF8*$!
{
	archiveVersion = 1;
	classes = {
	};
	objectVersion = 51;
	objects = {

/* Begin PBXBuildFile section */
		00A95AB7B85306507568B315 /* Pods_FichesDePrep_FichesDePrepUITests.framework in Frameworks */ = {isa = PBXBuildFile; fileRef = B17A4A8EB6843DA9676222B4 /* Pods_FichesDePrep_FichesDePrepUITests.framework */; };
		6A8F4BF9D01D02E430480830 /* Pods_FichesDePrepTests.framework in Frameworks */ = {isa = PBXBuildFile; fileRef = E5012170B2D711A32B07023A /* Pods_FichesDePrepTests.framework */; };
		843C39314082D90C4D016461 /* Pods_FichesDePrep.framework in Frameworks */ = {isa = PBXBuildFile; fileRef = A6E662A4AF926CACF5925FA2 /* Pods_FichesDePrep.framework */; };
		BF5991922519E97E00C1F439 /* AppDelegate.swift in Sources */ = {isa = PBXBuildFile; fileRef = BF5991912519E97E00C1F439 /* AppDelegate.swift */; };
		BF5991942519E97E00C1F439 /* SceneDelegate.swift in Sources */ = {isa = PBXBuildFile; fileRef = BF5991932519E97E00C1F439 /* SceneDelegate.swift */; };
		BF5991962519E97E00C1F439 /* PrepFileFormViewController.swift in Sources */ = {isa = PBXBuildFile; fileRef = BF5991952519E97E00C1F439 /* PrepFileFormViewController.swift */; };
		BF5991982519E97E00C1F439 /* PrepFileListViewController.swift in Sources */ = {isa = PBXBuildFile; fileRef = BF5991972519E97E00C1F439 /* PrepFileListViewController.swift */; };
		BF59919B2519E97E00C1F439 /* Main.storyboard in Resources */ = {isa = PBXBuildFile; fileRef = BF5991992519E97E00C1F439 /* Main.storyboard */; };
		BF59919D2519E98000C1F439 /* Assets.xcassets in Resources */ = {isa = PBXBuildFile; fileRef = BF59919C2519E98000C1F439 /* Assets.xcassets */; };
		BF5991A02519E98000C1F439 /* LaunchScreen.storyboard in Resources */ = {isa = PBXBuildFile; fileRef = BF59919E2519E98000C1F439 /* LaunchScreen.storyboard */; };
		BF5991AB2519E98100C1F439 /* FichesDePrepTests.swift in Sources */ = {isa = PBXBuildFile; fileRef = BF5991AA2519E98100C1F439 /* FichesDePrepTests.swift */; };
		BF5991B62519E98100C1F439 /* FichesDePrepUITests.swift in Sources */ = {isa = PBXBuildFile; fileRef = BF5991B52519E98100C1F439 /* FichesDePrepUITests.swift */; };
		BF5991CC251A304100C1F439 /* PrepFile.swift in Sources */ = {isa = PBXBuildFile; fileRef = BF5991CB251A304100C1F439 /* PrepFile.swift */; };
		BF5991CE251A3C7C00C1F439 /* PDFGenerator.swift in Sources */ = {isa = PBXBuildFile; fileRef = BF5991CD251A3C7C00C1F439 /* PDFGenerator.swift */; };
		BF5991DA251B422A00C1F439 /* PDFPreviewViewController.swift in Sources */ = {isa = PBXBuildFile; fileRef = BF5991D9251B422A00C1F439 /* PDFPreviewViewController.swift */; };
		BF5991DD251B452C00C1F439 /* RealmManager.swift in Sources */ = {isa = PBXBuildFile; fileRef = BF5991DC251B452C00C1F439 /* RealmManager.swift */; };
		BF5991E1251B888E00C1F439 /* SettingsViewController.swift in Sources */ = {isa = PBXBuildFile; fileRef = BF5991E0251B888E00C1F439 /* SettingsViewController.swift */; };
		BFC8F89F2535AF2000EFB73B /* Phase.swift in Sources */ = {isa = PBXBuildFile; fileRef = BFC8F89E2535AF2000EFB73B /* Phase.swift */; };
/* End PBXBuildFile section */

/* Begin PBXContainerItemProxy section */
		BF5991A72519E98100C1F439 /* PBXContainerItemProxy */ = {
			isa = PBXContainerItemProxy;
			containerPortal = BF5991862519E97E00C1F439 /* Project object */;
			proxyType = 1;
			remoteGlobalIDString = BF59918D2519E97E00C1F439;
			remoteInfo = FichesDePrep;
		};
		BF5991B22519E98100C1F439 /* PBXContainerItemProxy */ = {
			isa = PBXContainerItemProxy;
			containerPortal = BF5991862519E97E00C1F439 /* Project object */;
			proxyType = 1;
			remoteGlobalIDString = BF59918D2519E97E00C1F439;
			remoteInfo = FichesDePrep;
		};
/* End PBXContainerItemProxy section */

/* Begin PBXFileReference section */
		334A04681FB351EF5E4A795F /* Pods-FichesDePrep-FichesDePrepUITests.release.xcconfig */ = {isa = PBXFileReference; includeInIndex = 1; lastKnownFileType = text.xcconfig; name = "Pods-FichesDePrep-FichesDePrepUITests.release.xcconfig"; path = "Target Support Files/Pods-FichesDePrep-FichesDePrepUITests/Pods-FichesDePrep-FichesDePrepUITests.release.xcconfig"; sourceTree = "<group>"; };
		350FBCBBFCF649A2CAD3EAE8 /* Pods-FichesDePrep-FichesDePrepUITests.debug.xcconfig */ = {isa = PBXFileReference; includeInIndex = 1; lastKnownFileType = text.xcconfig; name = "Pods-FichesDePrep-FichesDePrepUITests.debug.xcconfig"; path = "Target Support Files/Pods-FichesDePrep-FichesDePrepUITests/Pods-FichesDePrep-FichesDePrepUITests.debug.xcconfig"; sourceTree = "<group>"; };
		47DCA500FF575E5E5F47C6BC /* Pods-FichesDePrepTests.debug.xcconfig */ = {isa = PBXFileReference; includeInIndex = 1; lastKnownFileType = text.xcconfig; name = "Pods-FichesDePrepTests.debug.xcconfig"; path = "Target Support Files/Pods-FichesDePrepTests/Pods-FichesDePrepTests.debug.xcconfig"; sourceTree = "<group>"; };
		4DB20D1226A6958F6DD088CF /* Pods-FichesDePrep.debug.xcconfig */ = {isa = PBXFileReference; includeInIndex = 1; lastKnownFileType = text.xcconfig; name = "Pods-FichesDePrep.debug.xcconfig"; path = "Target Support Files/Pods-FichesDePrep/Pods-FichesDePrep.debug.xcconfig"; sourceTree = "<group>"; };
		7ED87B214BD3F46D5A79EB3D /* Pods-FichesDePrepTests.release.xcconfig */ = {isa = PBXFileReference; includeInIndex = 1; lastKnownFileType = text.xcconfig; name = "Pods-FichesDePrepTests.release.xcconfig"; path = "Target Support Files/Pods-FichesDePrepTests/Pods-FichesDePrepTests.release.xcconfig"; sourceTree = "<group>"; };
		A6E662A4AF926CACF5925FA2 /* Pods_FichesDePrep.framework */ = {isa = PBXFileReference; explicitFileType = wrapper.framework; includeInIndex = 0; path = Pods_FichesDePrep.framework; sourceTree = BUILT_PRODUCTS_DIR; };
		A9431DD72F0810511F329372 /* Pods-FichesDePrep.release.xcconfig */ = {isa = PBXFileReference; includeInIndex = 1; lastKnownFileType = text.xcconfig; name = "Pods-FichesDePrep.release.xcconfig"; path = "Target Support Files/Pods-FichesDePrep/Pods-FichesDePrep.release.xcconfig"; sourceTree = "<group>"; };
		B17A4A8EB6843DA9676222B4 /* Pods_FichesDePrep_FichesDePrepUITests.framework */ = {isa = PBXFileReference; explicitFileType = wrapper.framework; includeInIndex = 0; path = Pods_FichesDePrep_FichesDePrepUITests.framework; sourceTree = BUILT_PRODUCTS_DIR; };
		BF59918E2519E97E00C1F439 /* FichesDePrep.app */ = {isa = PBXFileReference; explicitFileType = wrapper.application; includeInIndex = 0; path = FichesDePrep.app; sourceTree = BUILT_PRODUCTS_DIR; };
		BF5991912519E97E00C1F439 /* AppDelegate.swift */ = {isa = PBXFileReference; lastKnownFileType = sourcecode.swift; path = AppDelegate.swift; sourceTree = "<group>"; };
		BF5991932519E97E00C1F439 /* SceneDelegate.swift */ = {isa = PBXFileReference; lastKnownFileType = sourcecode.swift; path = SceneDelegate.swift; sourceTree = "<group>"; };
		BF5991952519E97E00C1F439 /* PrepFileFormViewController.swift */ = {isa = PBXFileReference; lastKnownFileType = sourcecode.swift; path = PrepFileFormViewController.swift; sourceTree = "<group>"; };
		BF5991972519E97E00C1F439 /* PrepFileListViewController.swift */ = {isa = PBXFileReference; lastKnownFileType = sourcecode.swift; path = PrepFileListViewController.swift; sourceTree = "<group>"; };
		BF59919A2519E97E00C1F439 /* Base */ = {isa = PBXFileReference; lastKnownFileType = file.storyboard; name = Base; path = Base.lproj/Main.storyboard; sourceTree = "<group>"; };
		BF59919C2519E98000C1F439 /* Assets.xcassets */ = {isa = PBXFileReference; lastKnownFileType = folder.assetcatalog; path = Assets.xcassets; sourceTree = "<group>"; };
		BF59919F2519E98000C1F439 /* Base */ = {isa = PBXFileReference; lastKnownFileType = file.storyboard; name = Base; path = Base.lproj/LaunchScreen.storyboard; sourceTree = "<group>"; };
		BF5991A12519E98000C1F439 /* Info.plist */ = {isa = PBXFileReference; lastKnownFileType = text.plist.xml; path = Info.plist; sourceTree = "<group>"; };
		BF5991A62519E98100C1F439 /* FichesDePrepTests.xctest */ = {isa = PBXFileReference; explicitFileType = wrapper.cfbundle; includeInIndex = 0; path = FichesDePrepTests.xctest; sourceTree = BUILT_PRODUCTS_DIR; };
		BF5991AA2519E98100C1F439 /* FichesDePrepTests.swift */ = {isa = PBXFileReference; lastKnownFileType = sourcecode.swift; path = FichesDePrepTests.swift; sourceTree = "<group>"; };
		BF5991AC2519E98100C1F439 /* Info.plist */ = {isa = PBXFileReference; lastKnownFileType = text.plist.xml; path = Info.plist; sourceTree = "<group>"; };
		BF5991B12519E98100C1F439 /* FichesDePrepUITests.xctest */ = {isa = PBXFileReference; explicitFileType = wrapper.cfbundle; includeInIndex = 0; path = FichesDePrepUITests.xctest; sourceTree = BUILT_PRODUCTS_DIR; };
		BF5991B52519E98100C1F439 /* FichesDePrepUITests.swift */ = {isa = PBXFileReference; lastKnownFileType = sourcecode.swift; path = FichesDePrepUITests.swift; sourceTree = "<group>"; };
		BF5991B72519E98100C1F439 /* Info.plist */ = {isa = PBXFileReference; lastKnownFileType = text.plist.xml; path = Info.plist; sourceTree = "<group>"; };
		BF5991CB251A304100C1F439 /* PrepFile.swift */ = {isa = PBXFileReference; lastKnownFileType = sourcecode.swift; path = PrepFile.swift; sourceTree = "<group>"; };
		BF5991CD251A3C7C00C1F439 /* PDFGenerator.swift */ = {isa = PBXFileReference; lastKnownFileType = sourcecode.swift; path = PDFGenerator.swift; sourceTree = "<group>"; };
		BF5991D9251B422A00C1F439 /* PDFPreviewViewController.swift */ = {isa = PBXFileReference; lastKnownFileType = sourcecode.swift; path = PDFPreviewViewController.swift; sourceTree = "<group>"; };
		BF5991DC251B452C00C1F439 /* RealmManager.swift */ = {isa = PBXFileReference; lastKnownFileType = sourcecode.swift; path = RealmManager.swift; sourceTree = "<group>"; };
		BF5991E0251B888E00C1F439 /* SettingsViewController.swift */ = {isa = PBXFileReference; lastKnownFileType = sourcecode.swift; path = SettingsViewController.swift; sourceTree = "<group>"; };
		BFC8F89E2535AF2000EFB73B /* Phase.swift */ = {isa = PBXFileReference; lastKnownFileType = sourcecode.swift; path = Phase.swift; sourceTree = "<group>"; };
		E5012170B2D711A32B07023A /* Pods_FichesDePrepTests.framework */ = {isa = PBXFileReference; explicitFileType = wrapper.framework; includeInIndex = 0; path = Pods_FichesDePrepTests.framework; sourceTree = BUILT_PRODUCTS_DIR; };
/* End PBXFileReference section */

/* Begin PBXFrameworksBuildPhase section */
		BF59918B2519E97E00C1F439 /* Frameworks */ = {
			isa = PBXFrameworksBuildPhase;
			buildActionMask = 2147483647;
			files = (
				843C39314082D90C4D016461 /* Pods_FichesDePrep.framework in Frameworks */,
			);
			runOnlyForDeploymentPostprocessing = 0;
		};
		BF5991A32519E98100C1F439 /* Frameworks */ = {
			isa = PBXFrameworksBuildPhase;
			buildActionMask = 2147483647;
			files = (
				6A8F4BF9D01D02E430480830 /* Pods_FichesDePrepTests.framework in Frameworks */,
			);
			runOnlyForDeploymentPostprocessing = 0;
		};
		BF5991AE2519E98100C1F439 /* Frameworks */ = {
			isa = PBXFrameworksBuildPhase;
			buildActionMask = 2147483647;
			files = (
				00A95AB7B85306507568B315 /* Pods_FichesDePrep_FichesDePrepUITests.framework in Frameworks */,
			);
			runOnlyForDeploymentPostprocessing = 0;
		};
/* End PBXFrameworksBuildPhase section */

/* Begin PBXGroup section */
		5BA6079237F7019D87AD6D37 /* Pods */ = {
			isa = PBXGroup;
			children = (
				4DB20D1226A6958F6DD088CF /* Pods-FichesDePrep.debug.xcconfig */,
				A9431DD72F0810511F329372 /* Pods-FichesDePrep.release.xcconfig */,
				350FBCBBFCF649A2CAD3EAE8 /* Pods-FichesDePrep-FichesDePrepUITests.debug.xcconfig */,
				334A04681FB351EF5E4A795F /* Pods-FichesDePrep-FichesDePrepUITests.release.xcconfig */,
				47DCA500FF575E5E5F47C6BC /* Pods-FichesDePrepTests.debug.xcconfig */,
				7ED87B214BD3F46D5A79EB3D /* Pods-FichesDePrepTests.release.xcconfig */,
			);
			path = Pods;
			sourceTree = "<group>";
		};
		BF5991852519E97E00C1F439 = {
			isa = PBXGroup;
			children = (
				BF5991902519E97E00C1F439 /* FichesDePrep */,
				BF5991A92519E98100C1F439 /* FichesDePrepTests */,
				BF5991B42519E98100C1F439 /* FichesDePrepUITests */,
				BF59918F2519E97E00C1F439 /* Products */,
				5BA6079237F7019D87AD6D37 /* Pods */,
				FD414CABC666301B4B2C2DF8 /* Frameworks */,
			);
			sourceTree = "<group>";
		};
		BF59918F2519E97E00C1F439 /* Products */ = {
			isa = PBXGroup;
			children = (
				BF59918E2519E97E00C1F439 /* FichesDePrep.app */,
				BF5991A62519E98100C1F439 /* FichesDePrepTests.xctest */,
				BF5991B12519E98100C1F439 /* FichesDePrepUITests.xctest */,
			);
			name = Products;
			sourceTree = "<group>";
		};
		BF5991902519E97E00C1F439 /* FichesDePrep */ = {
			isa = PBXGroup;
			children = (
				BF59919E2519E98000C1F439 /* LaunchScreen.storyboard */,
				BF5991912519E97E00C1F439 /* AppDelegate.swift */,
				BF5991932519E97E00C1F439 /* SceneDelegate.swift */,
				BF5991D3251A53C000C1F439 /* Common */,
				BF5991D7251B3A5700C1F439 /* Core */,
				BF5991D6251B3A3B00C1F439 /* UI */,
				BF5991D5251B39EB00C1F439 /* Resources */,
			);
			path = FichesDePrep;
			sourceTree = "<group>";
		};
		BF5991A92519E98100C1F439 /* FichesDePrepTests */ = {
			isa = PBXGroup;
			children = (
				BF5991AA2519E98100C1F439 /* FichesDePrepTests.swift */,
				BF5991AC2519E98100C1F439 /* Info.plist */,
			);
			path = FichesDePrepTests;
			sourceTree = "<group>";
		};
		BF5991B42519E98100C1F439 /* FichesDePrepUITests */ = {
			isa = PBXGroup;
			children = (
				BF5991B52519E98100C1F439 /* FichesDePrepUITests.swift */,
				BF5991B72519E98100C1F439 /* Info.plist */,
			);
			path = FichesDePrepUITests;
			sourceTree = "<group>";
		};
		BF5991D3251A53C000C1F439 /* Common */ = {
			isa = PBXGroup;
			children = (
			);
			path = Common;
			sourceTree = "<group>";
		};
		BF5991D5251B39EB00C1F439 /* Resources */ = {
			isa = PBXGroup;
			children = (
				BF5991A12519E98000C1F439 /* Info.plist */,
				BF59919C2519E98000C1F439 /* Assets.xcassets */,
			);
			path = Resources;
			sourceTree = "<group>";
		};
		BF5991D6251B3A3B00C1F439 /* UI */ = {
			isa = PBXGroup;
			children = (
				BF5991992519E97E00C1F439 /* Main.storyboard */,
				BF5991952519E97E00C1F439 /* PrepFileFormViewController.swift */,
				BF5991972519E97E00C1F439 /* PrepFileListViewController.swift */,
				BF5991D9251B422A00C1F439 /* PDFPreviewViewController.swift */,
				BF5991E0251B888E00C1F439 /* SettingsViewController.swift */,
			);
			path = UI;
			sourceTree = "<group>";
		};
		BF5991D7251B3A5700C1F439 /* Core */ = {
			isa = PBXGroup;
			children = (
				BF5991DB251B451C00C1F439 /* Manager */,
				BF5991D8251B3A5E00C1F439 /* Model */,
				BF5991CD251A3C7C00C1F439 /* PDFGenerator.swift */,
			);
			path = Core;
			sourceTree = "<group>";
		};
		BF5991D8251B3A5E00C1F439 /* Model */ = {
			isa = PBXGroup;
			children = (
				BF5991CB251A304100C1F439 /* PrepFile.swift */,
				BFC8F89E2535AF2000EFB73B /* Phase.swift */,
			);
			path = Model;
			sourceTree = "<group>";
		};
		BF5991DB251B451C00C1F439 /* Manager */ = {
			isa = PBXGroup;
			children = (
				BF5991DC251B452C00C1F439 /* RealmManager.swift */,
			);
			path = Manager;
			sourceTree = "<group>";
		};
		FD414CABC666301B4B2C2DF8 /* Frameworks */ = {
			isa = PBXGroup;
			children = (
				A6E662A4AF926CACF5925FA2 /* Pods_FichesDePrep.framework */,
				B17A4A8EB6843DA9676222B4 /* Pods_FichesDePrep_FichesDePrepUITests.framework */,
				E5012170B2D711A32B07023A /* Pods_FichesDePrepTests.framework */,
			);
			name = Frameworks;
			sourceTree = "<group>";
		};
/* End PBXGroup section */

/* Begin PBXNativeTarget section */
		BF59918D2519E97E00C1F439 /* FichesDePrep */ = {
			isa = PBXNativeTarget;
			buildConfigurationList = BF5991BA2519E98100C1F439 /* Build configuration list for PBXNativeTarget "FichesDePrep" */;
			buildPhases = (
				3743441067768701DC9165E4 /* [CP] Check Pods Manifest.lock */,
				BF59918A2519E97E00C1F439 /* Sources */,
				BF59918B2519E97E00C1F439 /* Frameworks */,
				BF59918C2519E97E00C1F439 /* Resources */,
				39E781D1793EE6C8445F832D /* [CP] Embed Pods Frameworks */,
			);
			buildRules = (
			);
			dependencies = (
			);
			name = FichesDePrep;
			productName = FichesDePrep;
			productReference = BF59918E2519E97E00C1F439 /* FichesDePrep.app */;
			productType = "com.apple.product-type.application";
		};
		BF5991A52519E98100C1F439 /* FichesDePrepTests */ = {
			isa = PBXNativeTarget;
			buildConfigurationList = BF5991BD2519E98100C1F439 /* Build configuration list for PBXNativeTarget "FichesDePrepTests" */;
			buildPhases = (
				FA83E96F694E43E8A0801C80 /* [CP] Check Pods Manifest.lock */,
				BF5991A22519E98100C1F439 /* Sources */,
				BF5991A32519E98100C1F439 /* Frameworks */,
				BF5991A42519E98100C1F439 /* Resources */,
			);
			buildRules = (
			);
			dependencies = (
				BF5991A82519E98100C1F439 /* PBXTargetDependency */,
			);
			name = FichesDePrepTests;
			productName = FichesDePrepTests;
			productReference = BF5991A62519E98100C1F439 /* FichesDePrepTests.xctest */;
			productType = "com.apple.product-type.bundle.unit-test";
		};
		BF5991B02519E98100C1F439 /* FichesDePrepUITests */ = {
			isa = PBXNativeTarget;
			buildConfigurationList = BF5991C02519E98100C1F439 /* Build configuration list for PBXNativeTarget "FichesDePrepUITests" */;
			buildPhases = (
				4E686E437E5B938276B82072 /* [CP] Check Pods Manifest.lock */,
				BF5991AD2519E98100C1F439 /* Sources */,
				BF5991AE2519E98100C1F439 /* Frameworks */,
				BF5991AF2519E98100C1F439 /* Resources */,
				AFABEB840587DE4DAA1AAEED /* [CP] Embed Pods Frameworks */,
			);
			buildRules = (
			);
			dependencies = (
				BF5991B32519E98100C1F439 /* PBXTargetDependency */,
			);
			name = FichesDePrepUITests;
			productName = FichesDePrepUITests;
			productReference = BF5991B12519E98100C1F439 /* FichesDePrepUITests.xctest */;
			productType = "com.apple.product-type.bundle.ui-testing";
		};
/* End PBXNativeTarget section */

/* Begin PBXProject section */
		BF5991862519E97E00C1F439 /* Project object */ = {
			isa = PBXProject;
			attributes = {
				LastSwiftUpdateCheck = 1160;
				LastUpgradeCheck = 1160;
				ORGANIZATIONNAME = "Chloe Moulinet";
				TargetAttributes = {
					BF59918D2519E97E00C1F439 = {
						CreatedOnToolsVersion = 11.6;
					};
					BF5991A52519E98100C1F439 = {
						CreatedOnToolsVersion = 11.6;
						TestTargetID = BF59918D2519E97E00C1F439;
					};
					BF5991B02519E98100C1F439 = {
						CreatedOnToolsVersion = 11.6;
						TestTargetID = BF59918D2519E97E00C1F439;
					};
				};
			};
			buildConfigurationList = BF5991892519E97E00C1F439 /* Build configuration list for PBXProject "FichesDePrep" */;
			compatibilityVersion = "Xcode 9.3";
			developmentRegion = en;
			hasScannedForEncodings = 0;
			knownRegions = (
				en,
				Base,
			);
			mainGroup = BF5991852519E97E00C1F439;
			productRefGroup = BF59918F2519E97E00C1F439 /* Products */;
			projectDirPath = "";
			projectRoot = "";
			targets = (
				BF59918D2519E97E00C1F439 /* FichesDePrep */,
				BF5991A52519E98100C1F439 /* FichesDePrepTests */,
				BF5991B02519E98100C1F439 /* FichesDePrepUITests */,
			);
		};
/* End PBXProject section */

/* Begin PBXResourcesBuildPhase section */
		BF59918C2519E97E00C1F439 /* Resources */ = {
			isa = PBXResourcesBuildPhase;
			buildActionMask = 2147483647;
			files = (
				BF5991A02519E98000C1F439 /* LaunchScreen.storyboard in Resources */,
				BF59919D2519E98000C1F439 /* Assets.xcassets in Resources */,
				BF59919B2519E97E00C1F439 /* Main.storyboard in Resources */,
			);
			runOnlyForDeploymentPostprocessing = 0;
		};
		BF5991A42519E98100C1F439 /* Resources */ = {
			isa = PBXResourcesBuildPhase;
			buildActionMask = 2147483647;
			files = (
			);
			runOnlyForDeploymentPostprocessing = 0;
		};
		BF5991AF2519E98100C1F439 /* Resources */ = {
			isa = PBXResourcesBuildPhase;
			buildActionMask = 2147483647;
			files = (
			);
			runOnlyForDeploymentPostprocessing = 0;
		};
/* End PBXResourcesBuildPhase section */

/* Begin PBXShellScriptBuildPhase section */
		3743441067768701DC9165E4 /* [CP] Check Pods Manifest.lock */ = {
			isa = PBXShellScriptBuildPhase;
			buildActionMask = 2147483647;
			files = (
			);
			inputFileListPaths = (
			);
			inputPaths = (
				"${PODS_PODFILE_DIR_PATH}/Podfile.lock",
				"${PODS_ROOT}/Manifest.lock",
			);
			name = "[CP] Check Pods Manifest.lock";
			outputFileListPaths = (
			);
			outputPaths = (
				"$(DERIVED_FILE_DIR)/Pods-FichesDePrep-checkManifestLockResult.txt",
			);
			runOnlyForDeploymentPostprocessing = 0;
			shellPath = /bin/sh;
			shellScript = "diff \"${PODS_PODFILE_DIR_PATH}/Podfile.lock\" \"${PODS_ROOT}/Manifest.lock\" > /dev/null\nif [ $? != 0 ] ; then\n    # print error to STDERR\n    echo \"error: The sandbox is not in sync with the Podfile.lock. Run 'pod install' or update your CocoaPods installation.\" >&2\n    exit 1\nfi\n# This output is used by Xcode 'outputs' to avoid re-running this script phase.\necho \"SUCCESS\" > \"${SCRIPT_OUTPUT_FILE_0}\"\n";
			showEnvVarsInLog = 0;
		};
		39E781D1793EE6C8445F832D /* [CP] Embed Pods Frameworks */ = {
			isa = PBXShellScriptBuildPhase;
			buildActionMask = 2147483647;
			files = (
			);
			inputFileListPaths = (
				"${PODS_ROOT}/Target Support Files/Pods-FichesDePrep/Pods-FichesDePrep-frameworks-${CONFIGURATION}-input-files.xcfilelist",
			);
			name = "[CP] Embed Pods Frameworks";
			outputFileListPaths = (
				"${PODS_ROOT}/Target Support Files/Pods-FichesDePrep/Pods-FichesDePrep-frameworks-${CONFIGURATION}-output-files.xcfilelist",
			);
			runOnlyForDeploymentPostprocessing = 0;
			shellPath = /bin/sh;
			shellScript = "\"${PODS_ROOT}/Target Support Files/Pods-FichesDePrep/Pods-FichesDePrep-frameworks.sh\"\n";
			showEnvVarsInLog = 0;
		};
		4E686E437E5B938276B82072 /* [CP] Check Pods Manifest.lock */ = {
			isa = PBXShellScriptBuildPhase;
			buildActionMask = 2147483647;
			files = (
			);
			inputFileListPaths = (
			);
			inputPaths = (
				"${PODS_PODFILE_DIR_PATH}/Podfile.lock",
				"${PODS_ROOT}/Manifest.lock",
			);
			name = "[CP] Check Pods Manifest.lock";
			outputFileListPaths = (
			);
			outputPaths = (
				"$(DERIVED_FILE_DIR)/Pods-FichesDePrep-FichesDePrepUITests-checkManifestLockResult.txt",
			);
			runOnlyForDeploymentPostprocessing = 0;
			shellPath = /bin/sh;
			shellScript = "diff \"${PODS_PODFILE_DIR_PATH}/Podfile.lock\" \"${PODS_ROOT}/Manifest.lock\" > /dev/null\nif [ $? != 0 ] ; then\n    # print error to STDERR\n    echo \"error: The sandbox is not in sync with the Podfile.lock. Run 'pod install' or update your CocoaPods installation.\" >&2\n    exit 1\nfi\n# This output is used by Xcode 'outputs' to avoid re-running this script phase.\necho \"SUCCESS\" > \"${SCRIPT_OUTPUT_FILE_0}\"\n";
			showEnvVarsInLog = 0;
		};
		AFABEB840587DE4DAA1AAEED /* [CP] Embed Pods Frameworks */ = {
			isa = PBXShellScriptBuildPhase;
			buildActionMask = 2147483647;
			files = (
			);
			inputFileListPaths = (
				"${PODS_ROOT}/Target Support Files/Pods-FichesDePrep-FichesDePrepUITests/Pods-FichesDePrep-FichesDePrepUITests-frameworks-${CONFIGURATION}-input-files.xcfilelist",
			);
			name = "[CP] Embed Pods Frameworks";
			outputFileListPaths = (
				"${PODS_ROOT}/Target Support Files/Pods-FichesDePrep-FichesDePrepUITests/Pods-FichesDePrep-FichesDePrepUITests-frameworks-${CONFIGURATION}-output-files.xcfilelist",
			);
			runOnlyForDeploymentPostprocessing = 0;
			shellPath = /bin/sh;
			shellScript = "\"${PODS_ROOT}/Target Support Files/Pods-FichesDePrep-FichesDePrepUITests/Pods-FichesDePrep-FichesDePrepUITests-frameworks.sh\"\n";
			showEnvVarsInLog = 0;
		};
		FA83E96F694E43E8A0801C80 /* [CP] Check Pods Manifest.lock */ = {
			isa = PBXShellScriptBuildPhase;
			buildActionMask = 2147483647;
			files = (
			);
			inputFileListPaths = (
			);
			inputPaths = (
				"${PODS_PODFILE_DIR_PATH}/Podfile.lock",
				"${PODS_ROOT}/Manifest.lock",
			);
			name = "[CP] Check Pods Manifest.lock";
			outputFileListPaths = (
			);
			outputPaths = (
				"$(DERIVED_FILE_DIR)/Pods-FichesDePrepTests-checkManifestLockResult.txt",
			);
			runOnlyForDeploymentPostprocessing = 0;
			shellPath = /bin/sh;
			shellScript = "diff \"${PODS_PODFILE_DIR_PATH}/Podfile.lock\" \"${PODS_ROOT}/Manifest.lock\" > /dev/null\nif [ $? != 0 ] ; then\n    # print error to STDERR\n    echo \"error: The sandbox is not in sync with the Podfile.lock. Run 'pod install' or update your CocoaPods installation.\" >&2\n    exit 1\nfi\n# This output is used by Xcode 'outputs' to avoid re-running this script phase.\necho \"SUCCESS\" > \"${SCRIPT_OUTPUT_FILE_0}\"\n";
			showEnvVarsInLog = 0;
		};
/* End PBXShellScriptBuildPhase section */

/* Begin PBXSourcesBuildPhase section */
		BF59918A2519E97E00C1F439 /* Sources */ = {
			isa = PBXSourcesBuildPhase;
			buildActionMask = 2147483647;
			files = (
				BF5991DA251B422A00C1F439 /* PDFPreviewViewController.swift in Sources */,
				BF5991CC251A304100C1F439 /* PrepFile.swift in Sources */,
				BF5991982519E97E00C1F439 /* PrepFileListViewController.swift in Sources */,
				BF5991DD251B452C00C1F439 /* RealmManager.swift in Sources */,
				BFC8F89F2535AF2000EFB73B /* Phase.swift in Sources */,
				BF5991E1251B888E00C1F439 /* SettingsViewController.swift in Sources */,
				BF5991962519E97E00C1F439 /* PrepFileFormViewController.swift in Sources */,
				BF5991922519E97E00C1F439 /* AppDelegate.swift in Sources */,
				BF5991CE251A3C7C00C1F439 /* PDFGenerator.swift in Sources */,
				BF5991942519E97E00C1F439 /* SceneDelegate.swift in Sources */,
			);
			runOnlyForDeploymentPostprocessing = 0;
		};
		BF5991A22519E98100C1F439 /* Sources */ = {
			isa = PBXSourcesBuildPhase;
			buildActionMask = 2147483647;
			files = (
				BF5991AB2519E98100C1F439 /* FichesDePrepTests.swift in Sources */,
			);
			runOnlyForDeploymentPostprocessing = 0;
		};
		BF5991AD2519E98100C1F439 /* Sources */ = {
			isa = PBXSourcesBuildPhase;
			buildActionMask = 2147483647;
			files = (
				BF5991B62519E98100C1F439 /* FichesDePrepUITests.swift in Sources */,
			);
			runOnlyForDeploymentPostprocessing = 0;
		};
/* End PBXSourcesBuildPhase section */

/* Begin PBXTargetDependency section */
		BF5991A82519E98100C1F439 /* PBXTargetDependency */ = {
			isa = PBXTargetDependency;
			target = BF59918D2519E97E00C1F439 /* FichesDePrep */;
			targetProxy = BF5991A72519E98100C1F439 /* PBXContainerItemProxy */;
		};
		BF5991B32519E98100C1F439 /* PBXTargetDependency */ = {
			isa = PBXTargetDependency;
			target = BF59918D2519E97E00C1F439 /* FichesDePrep */;
			targetProxy = BF5991B22519E98100C1F439 /* PBXContainerItemProxy */;
		};
/* End PBXTargetDependency section */

/* Begin PBXVariantGroup section */
		BF5991992519E97E00C1F439 /* Main.storyboard */ = {
			isa = PBXVariantGroup;
			children = (
				BF59919A2519E97E00C1F439 /* Base */,
			);
			name = Main.storyboard;
			sourceTree = "<group>";
		};
		BF59919E2519E98000C1F439 /* LaunchScreen.storyboard */ = {
			isa = PBXVariantGroup;
			children = (
				BF59919F2519E98000C1F439 /* Base */,
			);
			name = LaunchScreen.storyboard;
			sourceTree = "<group>";
		};
/* End PBXVariantGroup section */

/* Begin XCBuildConfiguration section */
		BF5991B82519E98100C1F439 /* Debug */ = {
			isa = XCBuildConfiguration;
			buildSettings = {
				ALWAYS_SEARCH_USER_PATHS = NO;
				CLANG_ANALYZER_NONNULL = YES;
				CLANG_ANALYZER_NUMBER_OBJECT_CONVERSION = YES_AGGRESSIVE;
				CLANG_CXX_LANGUAGE_STANDARD = "gnu++14";
				CLANG_CXX_LIBRARY = "libc++";
				CLANG_ENABLE_MODULES = YES;
				CLANG_ENABLE_OBJC_ARC = YES;
				CLANG_ENABLE_OBJC_WEAK = YES;
				CLANG_WARN_BLOCK_CAPTURE_AUTORELEASING = YES;
				CLANG_WARN_BOOL_CONVERSION = YES;
				CLANG_WARN_COMMA = YES;
				CLANG_WARN_CONSTANT_CONVERSION = YES;
				CLANG_WARN_DEPRECATED_OBJC_IMPLEMENTATIONS = YES;
				CLANG_WARN_DIRECT_OBJC_ISA_USAGE = YES_ERROR;
				CLANG_WARN_DOCUMENTATION_COMMENTS = YES;
				CLANG_WARN_EMPTY_BODY = YES;
				CLANG_WARN_ENUM_CONVERSION = YES;
				CLANG_WARN_INFINITE_RECURSION = YES;
				CLANG_WARN_INT_CONVERSION = YES;
				CLANG_WARN_NON_LITERAL_NULL_CONVERSION = YES;
				CLANG_WARN_OBJC_IMPLICIT_RETAIN_SELF = YES;
				CLANG_WARN_OBJC_LITERAL_CONVERSION = YES;
				CLANG_WARN_OBJC_ROOT_CLASS = YES_ERROR;
				CLANG_WARN_RANGE_LOOP_ANALYSIS = YES;
				CLANG_WARN_STRICT_PROTOTYPES = YES;
				CLANG_WARN_SUSPICIOUS_MOVE = YES;
				CLANG_WARN_UNGUARDED_AVAILABILITY = YES_AGGRESSIVE;
				CLANG_WARN_UNREACHABLE_CODE = YES;
				CLANG_WARN__DUPLICATE_METHOD_MATCH = YES;
				COPY_PHASE_STRIP = NO;
				DEBUG_INFORMATION_FORMAT = dwarf;
				ENABLE_STRICT_OBJC_MSGSEND = YES;
				ENABLE_TESTABILITY = YES;
				GCC_C_LANGUAGE_STANDARD = gnu11;
				GCC_DYNAMIC_NO_PIC = NO;
				GCC_NO_COMMON_BLOCKS = YES;
				GCC_OPTIMIZATION_LEVEL = 0;
				GCC_PREPROCESSOR_DEFINITIONS = (
					"DEBUG=1",
					"$(inherited)",
				);
				GCC_WARN_64_TO_32_BIT_CONVERSION = YES;
				GCC_WARN_ABOUT_RETURN_TYPE = YES_ERROR;
				GCC_WARN_UNDECLARED_SELECTOR = YES;
				GCC_WARN_UNINITIALIZED_AUTOS = YES_AGGRESSIVE;
				GCC_WARN_UNUSED_FUNCTION = YES;
				GCC_WARN_UNUSED_VARIABLE = YES;
				IPHONEOS_DEPLOYMENT_TARGET = 13.0;
				MTL_ENABLE_DEBUG_INFO = INCLUDE_SOURCE;
				MTL_FAST_MATH = YES;
				ONLY_ACTIVE_ARCH = YES;
				SDKROOT = iphoneos;
				SWIFT_ACTIVE_COMPILATION_CONDITIONS = DEBUG;
				SWIFT_OPTIMIZATION_LEVEL = "-Onone";
			};
			name = Debug;
		};
		BF5991B92519E98100C1F439 /* Release */ = {
			isa = XCBuildConfiguration;
			buildSettings = {
				ALWAYS_SEARCH_USER_PATHS = NO;
				CLANG_ANALYZER_NONNULL = YES;
				CLANG_ANALYZER_NUMBER_OBJECT_CONVERSION = YES_AGGRESSIVE;
				CLANG_CXX_LANGUAGE_STANDARD = "gnu++14";
				CLANG_CXX_LIBRARY = "libc++";
				CLANG_ENABLE_MODULES = YES;
				CLANG_ENABLE_OBJC_ARC = YES;
				CLANG_ENABLE_OBJC_WEAK = YES;
				CLANG_WARN_BLOCK_CAPTURE_AUTORELEASING = YES;
				CLANG_WARN_BOOL_CONVERSION = YES;
				CLANG_WARN_COMMA = YES;
				CLANG_WARN_CONSTANT_CONVERSION = YES;
				CLANG_WARN_DEPRECATED_OBJC_IMPLEMENTATIONS = YES;
				CLANG_WARN_DIRECT_OBJC_ISA_USAGE = YES_ERROR;
				CLANG_WARN_DOCUMENTATION_COMMENTS = YES;
				CLANG_WARN_EMPTY_BODY = YES;
				CLANG_WARN_ENUM_CONVERSION = YES;
				CLANG_WARN_INFINITE_RECURSION = YES;
				CLANG_WARN_INT_CONVERSION = YES;
				CLANG_WARN_NON_LITERAL_NULL_CONVERSION = YES;
				CLANG_WARN_OBJC_IMPLICIT_RETAIN_SELF = YES;
				CLANG_WARN_OBJC_LITERAL_CONVERSION = YES;
				CLANG_WARN_OBJC_ROOT_CLASS = YES_ERROR;
				CLANG_WARN_RANGE_LOOP_ANALYSIS = YES;
				CLANG_WARN_STRICT_PROTOTYPES = YES;
				CLANG_WARN_SUSPICIOUS_MOVE = YES;
				CLANG_WARN_UNGUARDED_AVAILABILITY = YES_AGGRESSIVE;
				CLANG_WARN_UNREACHABLE_CODE = YES;
				CLANG_WARN__DUPLICATE_METHOD_MATCH = YES;
				COPY_PHASE_STRIP = NO;
				DEBUG_INFORMATION_FORMAT = "dwarf-with-dsym";
				ENABLE_NS_ASSERTIONS = NO;
				ENABLE_STRICT_OBJC_MSGSEND = YES;
				GCC_C_LANGUAGE_STANDARD = gnu11;
				GCC_NO_COMMON_BLOCKS = YES;
				GCC_WARN_64_TO_32_BIT_CONVERSION = YES;
				GCC_WARN_ABOUT_RETURN_TYPE = YES_ERROR;
				GCC_WARN_UNDECLARED_SELECTOR = YES;
				GCC_WARN_UNINITIALIZED_AUTOS = YES_AGGRESSIVE;
				GCC_WARN_UNUSED_FUNCTION = YES;
				GCC_WARN_UNUSED_VARIABLE = YES;
				IPHONEOS_DEPLOYMENT_TARGET = 13.0;
				MTL_ENABLE_DEBUG_INFO = NO;
				MTL_FAST_MATH = YES;
				SDKROOT = iphoneos;
				SWIFT_COMPILATION_MODE = wholemodule;
				SWIFT_OPTIMIZATION_LEVEL = "-O";
				VALIDATE_PRODUCT = YES;
			};
			name = Release;
		};
		BF5991BB2519E98100C1F439 /* Debug */ = {
			isa = XCBuildConfiguration;
			baseConfigurationReference = 4DB20D1226A6958F6DD088CF /* Pods-FichesDePrep.debug.xcconfig */;
			buildSettings = {
				ASSETCATALOG_COMPILER_APPICON_NAME = AppIcon;
				CODE_SIGN_STYLE = Automatic;
				CURRENT_PROJECT_VERSION = 1;
				DEVELOPMENT_TEAM = TXR92Q9H3H;
				INFOPLIST_FILE = FichesDePrep/Resources/Info.plist;
				LD_RUNPATH_SEARCH_PATHS = (
					"$(inherited)",
					"@executable_path/Frameworks",
				);
				MARKETING_VERSION = 1.0.0;
				PRODUCT_BUNDLE_IDENTIFIER = cmoulinet.FichesDePrep;
				PRODUCT_NAME = "$(TARGET_NAME)";
				SWIFT_VERSION = 5.0;
				TARGETED_DEVICE_FAMILY = "1,2";
			};
			name = Debug;
		};
		BF5991BC2519E98100C1F439 /* Release */ = {
			isa = XCBuildConfiguration;
			baseConfigurationReference = A9431DD72F0810511F329372 /* Pods-FichesDePrep.release.xcconfig */;
			buildSettings = {
				ASSETCATALOG_COMPILER_APPICON_NAME = AppIcon;
				CODE_SIGN_STYLE = Automatic;
				CURRENT_PROJECT_VERSION = 1;
				DEVELOPMENT_TEAM = TXR92Q9H3H;
				INFOPLIST_FILE = FichesDePrep/Resources/Info.plist;
				LD_RUNPATH_SEARCH_PATHS = (
					"$(inherited)",
					"@executable_path/Frameworks",
				);
				MARKETING_VERSION = 1.0.0;
				PRODUCT_BUNDLE_IDENTIFIER = cmoulinet.FichesDePrep;
				PRODUCT_NAME = "$(TARGET_NAME)";
				SWIFT_VERSION = 5.0;
				TARGETED_DEVICE_FAMILY = "1,2";
			};
			name = Release;
		};
		BF5991BE2519E98100C1F439 /* Debug */ = {
			isa = XCBuildConfiguration;
			baseConfigurationReference = 47DCA500FF575E5E5F47C6BC /* Pods-FichesDePrepTests.debug.xcconfig */;
			buildSettings = {
				ALWAYS_EMBED_SWIFT_STANDARD_LIBRARIES = YES;
				BUNDLE_LOADER = "$(TEST_HOST)";
				CODE_SIGN_STYLE = Automatic;
				DEVELOPMENT_TEAM = TXR92Q9H3H;
				INFOPLIST_FILE = FichesDePrepTests/Info.plist;
				IPHONEOS_DEPLOYMENT_TARGET = 13.6;
				LD_RUNPATH_SEARCH_PATHS = (
					"$(inherited)",
					"@executable_path/Frameworks",
					"@loader_path/Frameworks",
				);
				PRODUCT_BUNDLE_IDENTIFIER = cmoulinet.FichesDePrepTests;
				PRODUCT_NAME = "$(TARGET_NAME)";
				SWIFT_VERSION = 5.0;
				TARGETED_DEVICE_FAMILY = "1,2";
				TEST_HOST = "$(BUILT_PRODUCTS_DIR)/FichesDePrep.app/FichesDePrep";
			};
			name = Debug;
		};
		BF5991BF2519E98100C1F439 /* Release */ = {
			isa = XCBuildConfiguration;
			baseConfigurationReference = 7ED87B214BD3F46D5A79EB3D /* Pods-FichesDePrepTests.release.xcconfig */;
			buildSettings = {
				ALWAYS_EMBED_SWIFT_STANDARD_LIBRARIES = YES;
				BUNDLE_LOADER = "$(TEST_HOST)";
				CODE_SIGN_STYLE = Automatic;
				DEVELOPMENT_TEAM = TXR92Q9H3H;
				INFOPLIST_FILE = FichesDePrepTests/Info.plist;
				IPHONEOS_DEPLOYMENT_TARGET = 13.6;
				LD_RUNPATH_SEARCH_PATHS = (
					"$(inherited)",
					"@executable_path/Frameworks",
					"@loader_path/Frameworks",
				);
				PRODUCT_BUNDLE_IDENTIFIER = cmoulinet.FichesDePrepTests;
				PRODUCT_NAME = "$(TARGET_NAME)";
				SWIFT_VERSION = 5.0;
				TARGETED_DEVICE_FAMILY = "1,2";
				TEST_HOST = "$(BUILT_PRODUCTS_DIR)/FichesDePrep.app/FichesDePrep";
			};
			name = Release;
		};
		BF5991C12519E98100C1F439 /* Debug */ = {
			isa = XCBuildConfiguration;
			baseConfigurationReference = 350FBCBBFCF649A2CAD3EAE8 /* Pods-FichesDePrep-FichesDePrepUITests.debug.xcconfig */;
			buildSettings = {
				ALWAYS_EMBED_SWIFT_STANDARD_LIBRARIES = YES;
				CODE_SIGN_STYLE = Automatic;
				DEVELOPMENT_TEAM = TXR92Q9H3H;
				INFOPLIST_FILE = FichesDePrepUITests/Info.plist;
				LD_RUNPATH_SEARCH_PATHS = (
					"$(inherited)",
					"@executable_path/Frameworks",
					"@loader_path/Frameworks",
				);
				PRODUCT_BUNDLE_IDENTIFIER = cmoulinet.FichesDePrepUITests;
				PRODUCT_NAME = "$(TARGET_NAME)";
				SWIFT_VERSION = 5.0;
				TARGETED_DEVICE_FAMILY = "1,2";
				TEST_TARGET_NAME = FichesDePrep;
			};
			name = Debug;
		};
		BF5991C22519E98100C1F439 /* Release */ = {
			isa = XCBuildConfiguration;
			baseConfigurationReference = 334A04681FB351EF5E4A795F /* Pods-FichesDePrep-FichesDePrepUITests.release.xcconfig */;
			buildSettings = {
				ALWAYS_EMBED_SWIFT_STANDARD_LIBRARIES = YES;
				CODE_SIGN_STYLE = Automatic;
				DEVELOPMENT_TEAM = TXR92Q9H3H;
				INFOPLIST_FILE = FichesDePrepUITests/Info.plist;
				LD_RUNPATH_SEARCH_PATHS = (
					"$(inherited)",
					"@executable_path/Frameworks",
					"@loader_path/Frameworks",
				);
				PRODUCT_BUNDLE_IDENTIFIER = cmoulinet.FichesDePrepUITests;
				PRODUCT_NAME = "$(TARGET_NAME)";
				SWIFT_VERSION = 5.0;
				TARGETED_DEVICE_FAMILY = "1,2";
				TEST_TARGET_NAME = FichesDePrep;
			};
			name = Release;
		};
/* End XCBuildConfiguration section */

/* Begin XCConfigurationList section */
		BF5991892519E97E00C1F439 /* Build configuration list for PBXProject "FichesDePrep" */ = {
			isa = XCConfigurationList;
			buildConfigurations = (
				BF5991B82519E98100C1F439 /* Debug */,
				BF5991B92519E98100C1F439 /* Release */,
			);
			defaultConfigurationIsVisible = 0;
			defaultConfigurationName = Release;
		};
		BF5991BA2519E98100C1F439 /* Build configuration list for PBXNativeTarget "FichesDePrep" */ = {
			isa = XCConfigurationList;
			buildConfigurations = (
				BF5991BB2519E98100C1F439 /* Debug */,
				BF5991BC2519E98100C1F439 /* Release */,
			);
			defaultConfigurationIsVisible = 0;
			defaultConfigurationName = Release;
		};
		BF5991BD2519E98100C1F439 /* Build configuration list for PBXNativeTarget "FichesDePrepTests" */ = {
			isa = XCConfigurationList;
			buildConfigurations = (
				BF5991BE2519E98100C1F439 /* Debug */,
				BF5991BF2519E98100C1F439 /* Release */,
			);
			defaultConfigurationIsVisible = 0;
			defaultConfigurationName = Release;
		};
		BF5991C02519E98100C1F439 /* Build configuration list for PBXNativeTarget "FichesDePrepUITests" */ = {
			isa = XCConfigurationList;
			buildConfigurations = (
				BF5991C12519E98100C1F439 /* Debug */,
				BF5991C22519E98100C1F439 /* Release */,
			);
			defaultConfigurationIsVisible = 0;
			defaultConfigurationName = Release;
		};
/* End XCConfigurationList section */
	};
	rootObject = BF5991862519E97E00C1F439 /* Project object */;
}
